Microsoft Visual Studio Solution File, Format Version 11.00
# Visual Studio 2008

Project("{0B271FF1-7A13-61E3-C76B-D09878710F8A}") = "GGJ 17 thing", "Assembly-CSharp.csproj", "{949986B5-AAF4-905A-7353-1F85F91E20B4}"
EndProject
Global
	GlobalSection(SolutionConfigurationPlatforms) = preSolution
		Debug|Any CPU = Debug|Any CPU
		Release|Any CPU = Release|Any CPU
	EndGlobalSection
	GlobalSection(ProjectConfigurationPlatforms) = postSolution
		{949986B5-AAF4-905A-7353-1F85F91E20B4}.Debug|Any CPU.ActiveCfg = Debug|Any CPU
		{949986B5-AAF4-905A-7353-1F85F91E20B4}.Debug|Any CPU.Build.0 = Debug|Any CPU
		{949986B5-AAF4-905A-7353-1F85F91E20B4}.Release|Any CPU.ActiveCfg = Release|Any CPU
		{949986B5-AAF4-905A-7353-1F85F91E20B4}.Release|Any CPU.Build.0 = Release|Any CPU
	EndGlobalSection
	GlobalSection(SolutionProperties) = preSolution
		HideSolutionNode = FALSE
	EndGlobalSection
	GlobalSection(MonoDevelopProperties) = preSolution
		StartupItem = Assembly-CSharp.csproj
	EndGlobalSection
EndGlobal
